// !$*UTF8*$!
{
	archiveVersion = 1;
	classes = {
	};
	objectVersion = 55;
	objects = {

/* Begin PBXBuildFile section */
		2C136D1136C2C2BEE38348EB /* Pods_rxswift_mvvm_sample.framework in Frameworks */ = {isa = PBXBuildFile; fileRef = 70CA92430022D07367C2BCFF /* Pods_rxswift_mvvm_sample.framework */; };
		864B2899288A9B56008A9EDF /* AppDelegate.swift in Sources */ = {isa = PBXBuildFile; fileRef = 864B2898288A9B56008A9EDF /* AppDelegate.swift */; };
		864B289B288A9B56008A9EDF /* SceneDelegate.swift in Sources */ = {isa = PBXBuildFile; fileRef = 864B289A288A9B56008A9EDF /* SceneDelegate.swift */; };
		864B28A2288A9B58008A9EDF /* Assets.xcassets in Resources */ = {isa = PBXBuildFile; fileRef = 864B28A1288A9B58008A9EDF /* Assets.xcassets */; };
		864B28B2288B9CA5008A9EDF /* Splash.storyboard in Resources */ = {isa = PBXBuildFile; fileRef = 864B28B1288B9CA5008A9EDF /* Splash.storyboard */; };
		864B28B5288B9D06008A9EDF /* SplashViewController.swift in Sources */ = {isa = PBXBuildFile; fileRef = 864B28B4288B9D06008A9EDF /* SplashViewController.swift */; };
		86840A8428920407001706CD /* BaseViewController.swift in Sources */ = {isa = PBXBuildFile; fileRef = 86840A8328920407001706CD /* BaseViewController.swift */; };
		86840A8C2894C6BA001706CD /* RepositoryViewCell.swift in Sources */ = {isa = PBXBuildFile; fileRef = 86840A8B2894C6BA001706CD /* RepositoryViewCell.swift */; };
		86840A8E2894C730001706CD /* SearchRepositoryViewModel.swift in Sources */ = {isa = PBXBuildFile; fileRef = 86840A8D2894C730001706CD /* SearchRepositoryViewModel.swift */; };
		86840A902894C84F001706CD /* RepositoryViewCell.xib in Resources */ = {isa = PBXBuildFile; fileRef = 86840A8F2894C84F001706CD /* RepositoryViewCell.xib */; };
		86840A922894E20F001706CD /* SearchRepositoryViewController.swift in Sources */ = {isa = PBXBuildFile; fileRef = 86840A912894E20F001706CD /* SearchRepositoryViewController.swift */; };
		86C0EC3F2894E4250052B85A /* SearchRepository.storyboard in Resources */ = {isa = PBXBuildFile; fileRef = 86C0EC3E2894E4250052B85A /* SearchRepository.storyboard */; };
		86C0EC4528953CB10052B85A /* SearchReositoryUseCase.swift in Sources */ = {isa = PBXBuildFile; fileRef = 86C0EC4428953CB10052B85A /* SearchReositoryUseCase.swift */; };
		86C0EC472895FFF50052B85A /* SearchRepositoryResponse.swift in Sources */ = {isa = PBXBuildFile; fileRef = 86C0EC462895FFF50052B85A /* SearchRepositoryResponse.swift */; };
		86D803F1288C325600A02274 /* SplashViewModel.swift in Sources */ = {isa = PBXBuildFile; fileRef = 86D803F0288C325600A02274 /* SplashViewModel.swift */; };
		86D803F4288D5B7700A02274 /* Top.storyboard in Resources */ = {isa = PBXBuildFile; fileRef = 86D803F3288D5B7700A02274 /* Top.storyboard */; };
		86D803F6288D5BD200A02274 /* TopViewController.swift in Sources */ = {isa = PBXBuildFile; fileRef = 86D803F5288D5BD200A02274 /* TopViewController.swift */; };
		86D803F8288D5D0700A02274 /* TopViewModel.swift in Sources */ = {isa = PBXBuildFile; fileRef = 86D803F7288D5D0700A02274 /* TopViewModel.swift */; };
		86D803FA288D68DF00A02274 /* TopViewCell.xib in Resources */ = {isa = PBXBuildFile; fileRef = 86D803F9288D68DF00A02274 /* TopViewCell.xib */; };
		86D803FC288D698600A02274 /* TopViewCell.swift in Sources */ = {isa = PBXBuildFile; fileRef = 86D803FB288D698600A02274 /* TopViewCell.swift */; };
/* End PBXBuildFile section */

/* Begin PBXFileReference section */
		38812D833FBCD926B1554D8C /* Pods-rxswift-mvvm-sample.debug.xcconfig */ = {isa = PBXFileReference; includeInIndex = 1; lastKnownFileType = text.xcconfig; name = "Pods-rxswift-mvvm-sample.debug.xcconfig"; path = "Target Support Files/Pods-rxswift-mvvm-sample/Pods-rxswift-mvvm-sample.debug.xcconfig"; sourceTree = "<group>"; };
		461AC3444B146096F17369C4 /* Pods-rxswift-mvvm-sample.release.xcconfig */ = {isa = PBXFileReference; includeInIndex = 1; lastKnownFileType = text.xcconfig; name = "Pods-rxswift-mvvm-sample.release.xcconfig"; path = "Target Support Files/Pods-rxswift-mvvm-sample/Pods-rxswift-mvvm-sample.release.xcconfig"; sourceTree = "<group>"; };
		70CA92430022D07367C2BCFF /* Pods_rxswift_mvvm_sample.framework */ = {isa = PBXFileReference; explicitFileType = wrapper.framework; includeInIndex = 0; path = Pods_rxswift_mvvm_sample.framework; sourceTree = BUILT_PRODUCTS_DIR; };
		864B2895288A9B56008A9EDF /* rxswift-mvvm-sample.app */ = {isa = PBXFileReference; explicitFileType = wrapper.application; includeInIndex = 0; path = "rxswift-mvvm-sample.app"; sourceTree = BUILT_PRODUCTS_DIR; };
		864B2898288A9B56008A9EDF /* AppDelegate.swift */ = {isa = PBXFileReference; lastKnownFileType = sourcecode.swift; path = AppDelegate.swift; sourceTree = "<group>"; };
		864B289A288A9B56008A9EDF /* SceneDelegate.swift */ = {isa = PBXFileReference; lastKnownFileType = sourcecode.swift; path = SceneDelegate.swift; sourceTree = "<group>"; };
		864B28A1288A9B58008A9EDF /* Assets.xcassets */ = {isa = PBXFileReference; lastKnownFileType = folder.assetcatalog; path = Assets.xcassets; sourceTree = "<group>"; };
		864B28A6288A9B58008A9EDF /* Info.plist */ = {isa = PBXFileReference; lastKnownFileType = text.plist.xml; path = Info.plist; sourceTree = "<group>"; };
		864B28B1288B9CA5008A9EDF /* Splash.storyboard */ = {isa = PBXFileReference; lastKnownFileType = file.storyboard; path = Splash.storyboard; sourceTree = "<group>"; };
		864B28B4288B9D06008A9EDF /* SplashViewController.swift */ = {isa = PBXFileReference; lastKnownFileType = sourcecode.swift; path = SplashViewController.swift; sourceTree = "<group>"; };
		86840A8328920407001706CD /* BaseViewController.swift */ = {isa = PBXFileReference; lastKnownFileType = sourcecode.swift; path = BaseViewController.swift; sourceTree = "<group>"; };
		86840A8B2894C6BA001706CD /* RepositoryViewCell.swift */ = {isa = PBXFileReference; lastKnownFileType = sourcecode.swift; path = RepositoryViewCell.swift; sourceTree = "<group>"; };
		86840A8D2894C730001706CD /* SearchRepositoryViewModel.swift */ = {isa = PBXFileReference; lastKnownFileType = sourcecode.swift; path = SearchRepositoryViewModel.swift; sourceTree = "<group>"; };
		86840A8F2894C84F001706CD /* RepositoryViewCell.xib */ = {isa = PBXFileReference; lastKnownFileType = file.xib; path = RepositoryViewCell.xib; sourceTree = "<group>"; };
		86840A912894E20F001706CD /* SearchRepositoryViewController.swift */ = {isa = PBXFileReference; lastKnownFileType = sourcecode.swift; path = SearchRepositoryViewController.swift; sourceTree = "<group>"; };
		86C0EC3E2894E4250052B85A /* SearchRepository.storyboard */ = {isa = PBXFileReference; lastKnownFileType = file.storyboard; path = SearchRepository.storyboard; sourceTree = "<group>"; };
		86C0EC4428953CB10052B85A /* SearchReositoryUseCase.swift */ = {isa = PBXFileReference; lastKnownFileType = sourcecode.swift; path = SearchReositoryUseCase.swift; sourceTree = "<group>"; };
		86C0EC462895FFF50052B85A /* SearchRepositoryResponse.swift */ = {isa = PBXFileReference; lastKnownFileType = sourcecode.swift; path = SearchRepositoryResponse.swift; sourceTree = "<group>"; };
		86D803F0288C325600A02274 /* SplashViewModel.swift */ = {isa = PBXFileReference; lastKnownFileType = sourcecode.swift; path = SplashViewModel.swift; sourceTree = "<group>"; };
		86D803F3288D5B7700A02274 /* Top.storyboard */ = {isa = PBXFileReference; lastKnownFileType = file.storyboard; path = Top.storyboard; sourceTree = "<group>"; };
		86D803F5288D5BD200A02274 /* TopViewController.swift */ = {isa = PBXFileReference; lastKnownFileType = sourcecode.swift; path = TopViewController.swift; sourceTree = "<group>"; };
		86D803F7288D5D0700A02274 /* TopViewModel.swift */ = {isa = PBXFileReference; lastKnownFileType = sourcecode.swift; path = TopViewModel.swift; sourceTree = "<group>"; };
		86D803F9288D68DF00A02274 /* TopViewCell.xib */ = {isa = PBXFileReference; lastKnownFileType = file.xib; path = TopViewCell.xib; sourceTree = "<group>"; };
		86D803FB288D698600A02274 /* TopViewCell.swift */ = {isa = PBXFileReference; lastKnownFileType = sourcecode.swift; path = TopViewCell.swift; sourceTree = "<group>"; };
/* End PBXFileReference section */

/* Begin PBXFrameworksBuildPhase section */
		864B2892288A9B56008A9EDF /* Frameworks */ = {
			isa = PBXFrameworksBuildPhase;
			buildActionMask = 2147483647;
			files = (
				2C136D1136C2C2BEE38348EB /* Pods_rxswift_mvvm_sample.framework in Frameworks */,
			);
			runOnlyForDeploymentPostprocessing = 0;
		};
/* End PBXFrameworksBuildPhase section */

/* Begin PBXGroup section */
		7E14FAAEE7A35DFBCC1FD50D /* Pods */ = {
			isa = PBXGroup;
			children = (
				38812D833FBCD926B1554D8C /* Pods-rxswift-mvvm-sample.debug.xcconfig */,
				461AC3444B146096F17369C4 /* Pods-rxswift-mvvm-sample.release.xcconfig */,
			);
			path = Pods;
			sourceTree = "<group>";
		};
		864B288C288A9B56008A9EDF = {
			isa = PBXGroup;
			children = (
				864B2897288A9B56008A9EDF /* rxswift-mvvm-sample */,
				864B2896288A9B56008A9EDF /* Products */,
				7E14FAAEE7A35DFBCC1FD50D /* Pods */,
				89E03A167F093A80F2064D82 /* Frameworks */,
			);
			sourceTree = "<group>";
		};
		864B2896288A9B56008A9EDF /* Products */ = {
			isa = PBXGroup;
			children = (
				864B2895288A9B56008A9EDF /* rxswift-mvvm-sample.app */,
			);
			name = Products;
			sourceTree = "<group>";
		};
		864B2897288A9B56008A9EDF /* rxswift-mvvm-sample */ = {
			isa = PBXGroup;
			children = (
				864B28B0288B9C18008A9EDF /* AppManager */,
				86840A82289203A9001706CD /* Base */,
				86C0EC48289621970052B85A /* Mock */,
				86840A892894C630001706CD /* SearchRepository */,
				864B28B3288B9CAE008A9EDF /* Splash */,
				86D803F2288D5B5F00A02274 /* Top */,
			);
			path = "rxswift-mvvm-sample";
			sourceTree = "<group>";
		};
		864B28B0288B9C18008A9EDF /* AppManager */ = {
			isa = PBXGroup;
			children = (
				864B28A6288A9B58008A9EDF /* Info.plist */,
				864B2898288A9B56008A9EDF /* AppDelegate.swift */,
				864B289A288A9B56008A9EDF /* SceneDelegate.swift */,
				864B28A1288A9B58008A9EDF /* Assets.xcassets */,
			);
			path = AppManager;
			sourceTree = "<group>";
		};
		864B28B3288B9CAE008A9EDF /* Splash */ = {
			isa = PBXGroup;
			children = (
				864B28B1288B9CA5008A9EDF /* Splash.storyboard */,
				864B28B4288B9D06008A9EDF /* SplashViewController.swift */,
				86D803F0288C325600A02274 /* SplashViewModel.swift */,
			);
			path = Splash;
			sourceTree = "<group>";
		};
		86840A82289203A9001706CD /* Base */ = {
			isa = PBXGroup;
			children = (
				86840A8328920407001706CD /* BaseViewController.swift */,
			);
			path = Base;
			sourceTree = "<group>";
		};
		86840A892894C630001706CD /* SearchRepository */ = {
			isa = PBXGroup;
			children = (
				86C0EC4428953CB10052B85A /* SearchReositoryUseCase.swift */,
				86C0EC3E2894E4250052B85A /* SearchRepository.storyboard */,
				86840A912894E20F001706CD /* SearchRepositoryViewController.swift */,
				86840A8D2894C730001706CD /* SearchRepositoryViewModel.swift */,
				86840A8A2894C682001706CD /* View */,
			);
			path = SearchRepository;
			sourceTree = "<group>";
		};
		86840A8A2894C682001706CD /* View */ = {
			isa = PBXGroup;
			children = (
				86840A8B2894C6BA001706CD /* RepositoryViewCell.swift */,
				86840A8F2894C84F001706CD /* RepositoryViewCell.xib */,
			);
			path = View;
			sourceTree = "<group>";
		};
		86C0EC48289621970052B85A /* Mock */ = {
			isa = PBXGroup;
			children = (
				86C0EC462895FFF50052B85A /* SearchRepositoryResponse.swift */,
			);
			path = Mock;
			sourceTree = "<group>";
		};
		86D803F2288D5B5F00A02274 /* Top */ = {
			isa = PBXGroup;
			children = (
				86D803F3288D5B7700A02274 /* Top.storyboard */,
				86D803F5288D5BD200A02274 /* TopViewController.swift */,
				86D803F7288D5D0700A02274 /* TopViewModel.swift */,
				86D80400288EE12600A02274 /* View */,
			);
			path = Top;
			sourceTree = "<group>";
		};
		86D80400288EE12600A02274 /* View */ = {
			isa = PBXGroup;
			children = (
				86D803FB288D698600A02274 /* TopViewCell.swift */,
				86D803F9288D68DF00A02274 /* TopViewCell.xib */,
			);
			path = View;
			sourceTree = "<group>";
		};
		89E03A167F093A80F2064D82 /* Frameworks */ = {
			isa = PBXGroup;
			children = (
				70CA92430022D07367C2BCFF /* Pods_rxswift_mvvm_sample.framework */,
			);
			name = Frameworks;
			sourceTree = "<group>";
		};
/* End PBXGroup section */

/* Begin PBXNativeTarget section */
		864B2894288A9B56008A9EDF /* rxswift-mvvm-sample */ = {
			isa = PBXNativeTarget;
			buildConfigurationList = 864B28A9288A9B58008A9EDF /* Build configuration list for PBXNativeTarget "rxswift-mvvm-sample" */;
			buildPhases = (
				7D2BDE748FDA00C9DFFDE711 /* [CP] Check Pods Manifest.lock */,
				864B2891288A9B56008A9EDF /* Sources */,
				864B2892288A9B56008A9EDF /* Frameworks */,
				864B2893288A9B56008A9EDF /* Resources */,
				133EA15F3EF900C6C78528F8 /* [CP] Embed Pods Frameworks */,
			);
			buildRules = (
			);
			dependencies = (
			);
			name = "rxswift-mvvm-sample";
			productName = "rxswift-mvvm-sample";
			productReference = 864B2895288A9B56008A9EDF /* rxswift-mvvm-sample.app */;
			productType = "com.apple.product-type.application";
		};
/* End PBXNativeTarget section */

/* Begin PBXProject section */
		864B288D288A9B56008A9EDF /* Project object */ = {
			isa = PBXProject;
			attributes = {
				BuildIndependentTargetsInParallel = 1;
				LastSwiftUpdateCheck = 1330;
				LastUpgradeCheck = 1330;
				TargetAttributes = {
					864B2894288A9B56008A9EDF = {
						CreatedOnToolsVersion = 13.3;
					};
				};
			};
			buildConfigurationList = 864B2890288A9B56008A9EDF /* Build configuration list for PBXProject "rxswift-mvvm-sample" */;
			compatibilityVersion = "Xcode 13.0";
			developmentRegion = en;
			hasScannedForEncodings = 0;
			knownRegions = (
				en,
				Base,
			);
			mainGroup = 864B288C288A9B56008A9EDF;
			productRefGroup = 864B2896288A9B56008A9EDF /* Products */;
			projectDirPath = "";
			projectRoot = "";
			targets = (
				864B2894288A9B56008A9EDF /* rxswift-mvvm-sample */,
			);
		};
/* End PBXProject section */

/* Begin PBXResourcesBuildPhase section */
		864B2893288A9B56008A9EDF /* Resources */ = {
			isa = PBXResourcesBuildPhase;
			buildActionMask = 2147483647;
			files = (
				864B28A2288A9B58008A9EDF /* Assets.xcassets in Resources */,
				864B28B2288B9CA5008A9EDF /* Splash.storyboard in Resources */,
				86D803FA288D68DF00A02274 /* TopViewCell.xib in Resources */,
				86D803F4288D5B7700A02274 /* Top.storyboard in Resources */,
				86C0EC3F2894E4250052B85A /* SearchRepository.storyboard in Resources */,
				86840A902894C84F001706CD /* RepositoryViewCell.xib in Resources */,
			);
			runOnlyForDeploymentPostprocessing = 0;
		};
/* End PBXResourcesBuildPhase section */

/* Begin PBXShellScriptBuildPhase section */
		133EA15F3EF900C6C78528F8 /* [CP] Embed Pods Frameworks */ = {
			isa = PBXShellScriptBuildPhase;
			buildActionMask = 2147483647;
			files = (
			);
			inputFileListPaths = (
				"${PODS_ROOT}/Target Support Files/Pods-rxswift-mvvm-sample/Pods-rxswift-mvvm-sample-frameworks-${CONFIGURATION}-input-files.xcfilelist",
			);
			name = "[CP] Embed Pods Frameworks";
			outputFileListPaths = (
				"${PODS_ROOT}/Target Support Files/Pods-rxswift-mvvm-sample/Pods-rxswift-mvvm-sample-frameworks-${CONFIGURATION}-output-files.xcfilelist",
			);
			runOnlyForDeploymentPostprocessing = 0;
			shellPath = /bin/sh;
			shellScript = "\"${PODS_ROOT}/Target Support Files/Pods-rxswift-mvvm-sample/Pods-rxswift-mvvm-sample-frameworks.sh\"\n";
			showEnvVarsInLog = 0;
		};
		7D2BDE748FDA00C9DFFDE711 /* [CP] Check Pods Manifest.lock */ = {
			isa = PBXShellScriptBuildPhase;
			buildActionMask = 2147483647;
			files = (
			);
			inputFileListPaths = (
			);
			inputPaths = (
				"${PODS_PODFILE_DIR_PATH}/Podfile.lock",
				"${PODS_ROOT}/Manifest.lock",
			);
			name = "[CP] Check Pods Manifest.lock";
			outputFileListPaths = (
			);
			outputPaths = (
				"$(DERIVED_FILE_DIR)/Pods-rxswift-mvvm-sample-checkManifestLockResult.txt",
			);
			runOnlyForDeploymentPostprocessing = 0;
			shellPath = /bin/sh;
			shellScript = "diff \"${PODS_PODFILE_DIR_PATH}/Podfile.lock\" \"${PODS_ROOT}/Manifest.lock\" > /dev/null\nif [ $? != 0 ] ; then\n    # print error to STDERR\n    echo \"error: The sandbox is not in sync with the Podfile.lock. Run 'pod install' or update your CocoaPods installation.\" >&2\n    exit 1\nfi\n# This output is used by Xcode 'outputs' to avoid re-running this script phase.\necho \"SUCCESS\" > \"${SCRIPT_OUTPUT_FILE_0}\"\n";
			showEnvVarsInLog = 0;
		};
/* End PBXShellScriptBuildPhase section */

/* Begin PBXSourcesBuildPhase section */
		864B2891288A9B56008A9EDF /* Sources */ = {
			isa = PBXSourcesBuildPhase;
			buildActionMask = 2147483647;
			files = (
				86C0EC472895FFF50052B85A /* SearchRepositoryResponse.swift in Sources */,
				86840A8C2894C6BA001706CD /* RepositoryViewCell.swift in Sources */,
				86D803FC288D698600A02274 /* TopViewCell.swift in Sources */,
				86840A8E2894C730001706CD /* SearchRepositoryViewModel.swift in Sources */,
				86D803F6288D5BD200A02274 /* TopViewController.swift in Sources */,
				86D803F1288C325600A02274 /* SplashViewModel.swift in Sources */,
				86C0EC4528953CB10052B85A /* SearchReositoryUseCase.swift in Sources */,
				864B2899288A9B56008A9EDF /* AppDelegate.swift in Sources */,
				86D803F8288D5D0700A02274 /* TopViewModel.swift in Sources */,
				86840A922894E20F001706CD /* SearchRepositoryViewController.swift in Sources */,
				86840A8428920407001706CD /* BaseViewController.swift in Sources */,
				864B289B288A9B56008A9EDF /* SceneDelegate.swift in Sources */,
				864B28B5288B9D06008A9EDF /* SplashViewController.swift in Sources */,
			);
			runOnlyForDeploymentPostprocessing = 0;
		};
/* End PBXSourcesBuildPhase section */

/* Begin XCBuildConfiguration section */
		864B28A7288A9B58008A9EDF /* Debug */ = {
			isa = XCBuildConfiguration;
			buildSettings = {
				ALWAYS_SEARCH_USER_PATHS = NO;
				CLANG_ANALYZER_NONNULL = YES;
				CLANG_ANALYZER_NUMBER_OBJECT_CONVERSION = YES_AGGRESSIVE;
				CLANG_CXX_LANGUAGE_STANDARD = "gnu++17";
				CLANG_ENABLE_MODULES = YES;
				CLANG_ENABLE_OBJC_ARC = YES;
				CLANG_ENABLE_OBJC_WEAK = YES;
				CLANG_WARN_BLOCK_CAPTURE_AUTORELEASING = YES;
				CLANG_WARN_BOOL_CONVERSION = YES;
				CLANG_WARN_COMMA = YES;
				CLANG_WARN_CONSTANT_CONVERSION = YES;
				CLANG_WARN_DEPRECATED_OBJC_IMPLEMENTATIONS = YES;
				CLANG_WARN_DIRECT_OBJC_ISA_USAGE = YES_ERROR;
				CLANG_WARN_DOCUMENTATION_COMMENTS = YES;
				CLANG_WARN_EMPTY_BODY = YES;
				CLANG_WARN_ENUM_CONVERSION = YES;
				CLANG_WARN_INFINITE_RECURSION = YES;
				CLANG_WARN_INT_CONVERSION = YES;
				CLANG_WARN_NON_LITERAL_NULL_CONVERSION = YES;
				CLANG_WARN_OBJC_IMPLICIT_RETAIN_SELF = YES;
				CLANG_WARN_OBJC_LITERAL_CONVERSION = YES;
				CLANG_WARN_OBJC_ROOT_CLASS = YES_ERROR;
				CLANG_WARN_QUOTED_INCLUDE_IN_FRAMEWORK_HEADER = YES;
				CLANG_WARN_RANGE_LOOP_ANALYSIS = YES;
				CLANG_WARN_STRICT_PROTOTYPES = YES;
				CLANG_WARN_SUSPICIOUS_MOVE = YES;
				CLANG_WARN_UNGUARDED_AVAILABILITY = YES_AGGRESSIVE;
				CLANG_WARN_UNREACHABLE_CODE = YES;
				CLANG_WARN__DUPLICATE_METHOD_MATCH = YES;
				COPY_PHASE_STRIP = NO;
				DEBUG_INFORMATION_FORMAT = dwarf;
				ENABLE_STRICT_OBJC_MSGSEND = YES;
				ENABLE_TESTABILITY = YES;
				GCC_C_LANGUAGE_STANDARD = gnu11;
				GCC_DYNAMIC_NO_PIC = NO;
				GCC_NO_COMMON_BLOCKS = YES;
				GCC_OPTIMIZATION_LEVEL = 0;
				GCC_PREPROCESSOR_DEFINITIONS = (
					"DEBUG=1",
					"$(inherited)",
				);
				GCC_WARN_64_TO_32_BIT_CONVERSION = YES;
				GCC_WARN_ABOUT_RETURN_TYPE = YES_ERROR;
				GCC_WARN_UNDECLARED_SELECTOR = YES;
				GCC_WARN_UNINITIALIZED_AUTOS = YES_AGGRESSIVE;
				GCC_WARN_UNUSED_FUNCTION = YES;
				GCC_WARN_UNUSED_VARIABLE = YES;
				IPHONEOS_DEPLOYMENT_TARGET = 15.4;
				MTL_ENABLE_DEBUG_INFO = INCLUDE_SOURCE;
				MTL_FAST_MATH = YES;
				ONLY_ACTIVE_ARCH = YES;
				SDKROOT = iphoneos;
				SWIFT_ACTIVE_COMPILATION_CONDITIONS = DEBUG;
				SWIFT_OPTIMIZATION_LEVEL = "-Onone";
			};
			name = Debug;
		};
		864B28A8288A9B58008A9EDF /* Release */ = {
			isa = XCBuildConfiguration;
			buildSettings = {
				ALWAYS_SEARCH_USER_PATHS = NO;
				CLANG_ANALYZER_NONNULL = YES;
				CLANG_ANALYZER_NUMBER_OBJECT_CONVERSION = YES_AGGRESSIVE;
				CLANG_CXX_LANGUAGE_STANDARD = "gnu++17";
				CLANG_ENABLE_MODULES = YES;
				CLANG_ENABLE_OBJC_ARC = YES;
				CLANG_ENABLE_OBJC_WEAK = YES;
				CLANG_WARN_BLOCK_CAPTURE_AUTORELEASING = YES;
				CLANG_WARN_BOOL_CONVERSION = YES;
				CLANG_WARN_COMMA = YES;
				CLANG_WARN_CONSTANT_CONVERSION = YES;
				CLANG_WARN_DEPRECATED_OBJC_IMPLEMENTATIONS = YES;
				CLANG_WARN_DIRECT_OBJC_ISA_USAGE = YES_ERROR;
				CLANG_WARN_DOCUMENTATION_COMMENTS = YES;
				CLANG_WARN_EMPTY_BODY = YES;
				CLANG_WARN_ENUM_CONVERSION = YES;
				CLANG_WARN_INFINITE_RECURSION = YES;
				CLANG_WARN_INT_CONVERSION = YES;
				CLANG_WARN_NON_LITERAL_NULL_CONVERSION = YES;
				CLANG_WARN_OBJC_IMPLICIT_RETAIN_SELF = YES;
				CLANG_WARN_OBJC_LITERAL_CONVERSION = YES;
				CLANG_WARN_OBJC_ROOT_CLASS = YES_ERROR;
				CLANG_WARN_QUOTED_INCLUDE_IN_FRAMEWORK_HEADER = YES;
				CLANG_WARN_RANGE_LOOP_ANALYSIS = YES;
				CLANG_WARN_STRICT_PROTOTYPES = YES;
				CLANG_WARN_SUSPICIOUS_MOVE = YES;
				CLANG_WARN_UNGUARDED_AVAILABILITY = YES_AGGRESSIVE;
				CLANG_WARN_UNREACHABLE_CODE = YES;
				CLANG_WARN__DUPLICATE_METHOD_MATCH = YES;
				COPY_PHASE_STRIP = NO;
				DEBUG_INFORMATION_FORMAT = "dwarf-with-dsym";
				ENABLE_NS_ASSERTIONS = NO;
				ENABLE_STRICT_OBJC_MSGSEND = YES;
				GCC_C_LANGUAGE_STANDARD = gnu11;
				GCC_NO_COMMON_BLOCKS = YES;
				GCC_WARN_64_TO_32_BIT_CONVERSION = YES;
				GCC_WARN_ABOUT_RETURN_TYPE = YES_ERROR;
				GCC_WARN_UNDECLARED_SELECTOR = YES;
				GCC_WARN_UNINITIALIZED_AUTOS = YES_AGGRESSIVE;
				GCC_WARN_UNUSED_FUNCTION = YES;
				GCC_WARN_UNUSED_VARIABLE = YES;
				IPHONEOS_DEPLOYMENT_TARGET = 15.4;
				MTL_ENABLE_DEBUG_INFO = NO;
				MTL_FAST_MATH = YES;
				SDKROOT = iphoneos;
				SWIFT_COMPILATION_MODE = wholemodule;
				SWIFT_OPTIMIZATION_LEVEL = "-O";
				VALIDATE_PRODUCT = YES;
			};
			name = Release;
		};
		864B28AA288A9B58008A9EDF /* Debug */ = {
			isa = XCBuildConfiguration;
			baseConfigurationReference = 38812D833FBCD926B1554D8C /* Pods-rxswift-mvvm-sample.debug.xcconfig */;
			buildSettings = {
				ASSETCATALOG_COMPILER_APPICON_NAME = AppIcon;
				ASSETCATALOG_COMPILER_GLOBAL_ACCENT_COLOR_NAME = AccentColor;
				CODE_SIGN_STYLE = Automatic;
				CURRENT_PROJECT_VERSION = 1;
				DEVELOPMENT_TEAM = B4C4BK3TF8;
				GENERATE_INFOPLIST_FILE = YES;
				INFOPLIST_FILE = "rxswift-mvvm-sample/AppManager/Info.plist";
				INFOPLIST_KEY_UIApplicationSupportsIndirectInputEvents = YES;
				INFOPLIST_KEY_UILaunchStoryboardName = LaunchScreen;
				INFOPLIST_KEY_UIMainStoryboardFile = Splash;
				INFOPLIST_KEY_UISupportedInterfaceOrientations_iPad = "UIInterfaceOrientationPortrait UIInterfaceOrientationPortraitUpsideDown UIInterfaceOrientationLandscapeLeft UIInterfaceOrientationLandscapeRight";
				INFOPLIST_KEY_UISupportedInterfaceOrientations_iPhone = "UIInterfaceOrientationPortrait UIInterfaceOrientationLandscapeLeft UIInterfaceOrientationLandscapeRight";
				LD_RUNPATH_SEARCH_PATHS = (
					"$(inherited)",
					"@executable_path/Frameworks",
				);
				MARKETING_VERSION = 1.0;
				PRODUCT_BUNDLE_IDENTIFIER = "com.noringo.rxswift-mvvm-sample";
				PRODUCT_NAME = "$(TARGET_NAME)";
				SWIFT_EMIT_LOC_STRINGS = YES;
				SWIFT_VERSION = 5.0;
				TARGETED_DEVICE_FAMILY = "1,2";
			};
			name = Debug;
		};
		864B28AB288A9B58008A9EDF /* Release */ = {
			isa = XCBuildConfiguration;
			baseConfigurationReference = 461AC3444B146096F17369C4 /* Pods-rxswift-mvvm-sample.release.xcconfig */;
			buildSettings = {
				ASSETCATALOG_COMPILER_APPICON_NAME = AppIcon;
				ASSETCATALOG_COMPILER_GLOBAL_ACCENT_COLOR_NAME = AccentColor;
				CODE_SIGN_STYLE = Automatic;
				CURRENT_PROJECT_VERSION = 1;
				DEVELOPMENT_TEAM = B4C4BK3TF8;
				GENERATE_INFOPLIST_FILE = YES;
				INFOPLIST_FILE = "rxswift-mvvm-sample/AppManager/Info.plist";
				INFOPLIST_KEY_UIApplicationSupportsIndirectInputEvents = YES;
				INFOPLIST_KEY_UILaunchStoryboardName = LaunchScreen;
				INFOPLIST_KEY_UIMainStoryboardFile = Splash;
				INFOPLIST_KEY_UISupportedInterfaceOrientations_iPad = "UIInterfaceOrientationPortrait UIInterfaceOrientationPortraitUpsideDown UIInterfaceOrientationLandscapeLeft UIInterfaceOrientationLandscapeRight";
				INFOPLIST_KEY_UISupportedInterfaceOrientations_iPhone = "UIInterfaceOrientationPortrait UIInterfaceOrientationLandscapeLeft UIInterfaceOrientationLandscapeRight";
				LD_RUNPATH_SEARCH_PATHS = (
					"$(inherited)",
					"@executable_path/Frameworks",
				);
				MARKETING_VERSION = 1.0;
				PRODUCT_BUNDLE_IDENTIFIER = "com.noringo.rxswift-mvvm-sample";
				PRODUCT_NAME = "$(TARGET_NAME)";
				SWIFT_EMIT_LOC_STRINGS = YES;
				SWIFT_VERSION = 5.0;
				TARGETED_DEVICE_FAMILY = "1,2";
			};
			name = Release;
		};
/* End XCBuildConfiguration section */

/* Begin XCConfigurationList section */
		864B2890288A9B56008A9EDF /* Build configuration list for PBXProject "rxswift-mvvm-sample" */ = {
			isa = XCConfigurationList;
			buildConfigurations = (
				864B28A7288A9B58008A9EDF /* Debug */,
				864B28A8288A9B58008A9EDF /* Release */,
			);
			defaultConfigurationIsVisible = 0;
			defaultConfigurationName = Release;
		};
		864B28A9288A9B58008A9EDF /* Build configuration list for PBXNativeTarget "rxswift-mvvm-sample" */ = {
			isa = XCConfigurationList;
			buildConfigurations = (
				864B28AA288A9B58008A9EDF /* Debug */,
				864B28AB288A9B58008A9EDF /* Release */,
			);
			defaultConfigurationIsVisible = 0;
			defaultConfigurationName = Release;
		};
/* End XCConfigurationList section */
	};
	rootObject = 864B288D288A9B56008A9EDF /* Project object */;
}
